
Microsoft Visual Studio Solution File, Format Version 12.00
# Visual Studio Version 16
VisualStudioVersion = 16.0.29519.87
MinimumVisualStudioVersion = 10.0.40219.1
Project("{2150E333-8FDC-42A3-9474-1A3956D46DE8}") = "Microservices", "Microservices", "{6DEAB267-FFD9-45BF-AFD5-E4266E43B1C4}"
EndProject
Project("{2150E333-8FDC-42A3-9474-1A3956D46DE8}") = "Vanilla", "Vanilla", "{5456A6B7-8AD9-4EC3-BB3C-068C654222BB}"
EndProject
Project("{2150E333-8FDC-42A3-9474-1A3956D46DE8}") = "Custom", "Custom", "{D0FC3870-1122-464E-9389-3E6C22AA87AA}"
EndProject
Project("{2150E333-8FDC-42A3-9474-1A3956D46DE8}") = "_User", "_User", "{E2D8C6C6-0C78-4619-91ED-C82CF373682E}"
EndProject
Project("{2150E333-8FDC-42A3-9474-1A3956D46DE8}") = "_Project", "_Project", "{5BB104F9-C464-491D-8A33-CED589DEA1F3}"
EndProject
Project("{2150E333-8FDC-42A3-9474-1A3956D46DE8}") = "_Content", "_Content", "{498B63C7-17F0-4535-A5A8-73858294B52A}"
EndProject
Project("{9A19103F-16F7-4668-BE54-9A1E7A4F7556}") = "Vanilla.User.API", "Microservices\Vanilla\User\Vanilla.User.API\Vanilla.User.API.csproj", "{90F7CE88-41CE-428C-BC80-C6AB8A685DDF}"
EndProject
Project("{9A19103F-16F7-4668-BE54-9A1E7A4F7556}") = "Vanilla.User.Persistence", "Microservices\Vanilla\User\Vanilla.User.Persistence\Vanilla.User.Persistence.csproj", "{10C4B334-4D04-4ABE-89C7-A07E13524DCA}"
EndProject
Project("{9A19103F-16F7-4668-BE54-9A1E7A4F7556}") = "Vanilla.Project.API", "Microservices\Vanilla\Project\Vanilla.Project.API\Vanilla.Project.API.csproj", "{EA816512-DE5E-4AFD-9D86-4F40881B5C64}"
EndProject
Project("{9A19103F-16F7-4668-BE54-9A1E7A4F7556}") = "Vanilla.Project.Persistence", "Microservices\Vanilla\Project\Vanilla.Project.Persistence\Vanilla.Project.Persistence.csproj", "{330C7E6C-D1F3-4C75-B60E-7413EF2B23EE}"
EndProject
Project("{2150E333-8FDC-42A3-9474-1A3956D46DE8}") = "Commons", "Commons", "{A0E6EF90-543A-49A1-B8AB-6A8EFB9AD161}"
EndProject
Project("{9A19103F-16F7-4668-BE54-9A1E7A4F7556}") = "MicroserviceCommunicator", "Microservices\Commons\MicroserviceCommunicator\MicroserviceCommunicator.csproj", "{9D9FF25E-E493-4291-BFC1-4502DFDA591C}"
EndProject
Project("{2150E333-8FDC-42A3-9474-1A3956D46DE8}") = "_Log", "_Log", "{29994F5E-A55D-4CBB-8A2C-096D87DD2C54}"
EndProject
Project("{9A19103F-16F7-4668-BE54-9A1E7A4F7556}") = "MessageBrokerDtos", "Microservices\Vanilla\MessageBrokerDto\MessageBrokerDtos\MessageBrokerDtos.csproj", "{02B76A10-A2E2-4450-BA82-C068A37D935D}"
EndProject
Project("{9A19103F-16F7-4668-BE54-9A1E7A4F7556}") = "Vanilla.User.SNSConsumer", "Microservices\Vanilla\User\Vanilla.User.SNSConsumer\Vanilla.User.SNSConsumer.csproj", "{213654E6-6218-4EF7-81E8-A855619A337E}"
EndProject
Project("{9A19103F-16F7-4668-BE54-9A1E7A4F7556}") = "Vanilla.Project.SNSConsumer", "Microservices\Vanilla\Project\Vanilla.Project.SNSConsumer\Vanilla.Project.SNSConsumer.csproj", "{76B26675-509C-4CD6-92D5-3E81F52E0A5E}"
EndProject
Project("{FAE04EC0-301F-11D3-BF4B-00C04F79EFBC}") = "Vanilla.User.Application", "Microservices\Vanilla\User\Vanilla.User.Application\Vanilla.User.Application.csproj", "{E0DC7337-E7D6-44A2-8FD7-0D36605B4D60}"
EndProject
Global
	GlobalSection(SolutionConfigurationPlatforms) = preSolution
		Debug|Any CPU = Debug|Any CPU
		Release|Any CPU = Release|Any CPU
	EndGlobalSection
	GlobalSection(ProjectConfigurationPlatforms) = postSolution
		{90F7CE88-41CE-428C-BC80-C6AB8A685DDF}.Debug|Any CPU.ActiveCfg = Debug|Any CPU
		{90F7CE88-41CE-428C-BC80-C6AB8A685DDF}.Debug|Any CPU.Build.0 = Debug|Any CPU
		{90F7CE88-41CE-428C-BC80-C6AB8A685DDF}.Release|Any CPU.ActiveCfg = Release|Any CPU
		{90F7CE88-41CE-428C-BC80-C6AB8A685DDF}.Release|Any CPU.Build.0 = Release|Any CPU
		{10C4B334-4D04-4ABE-89C7-A07E13524DCA}.Debug|Any CPU.ActiveCfg = Debug|Any CPU
		{10C4B334-4D04-4ABE-89C7-A07E13524DCA}.Debug|Any CPU.Build.0 = Debug|Any CPU
		{10C4B334-4D04-4ABE-89C7-A07E13524DCA}.Release|Any CPU.ActiveCfg = Release|Any CPU
		{10C4B334-4D04-4ABE-89C7-A07E13524DCA}.Release|Any CPU.Build.0 = Release|Any CPU
		{EA816512-DE5E-4AFD-9D86-4F40881B5C64}.Debug|Any CPU.ActiveCfg = Debug|Any CPU
		{EA816512-DE5E-4AFD-9D86-4F40881B5C64}.Debug|Any CPU.Build.0 = Debug|Any CPU
		{EA816512-DE5E-4AFD-9D86-4F40881B5C64}.Release|Any CPU.ActiveCfg = Release|Any CPU
		{EA816512-DE5E-4AFD-9D86-4F40881B5C64}.Release|Any CPU.Build.0 = Release|Any CPU
		{330C7E6C-D1F3-4C75-B60E-7413EF2B23EE}.Debug|Any CPU.ActiveCfg = Debug|Any CPU
		{330C7E6C-D1F3-4C75-B60E-7413EF2B23EE}.Debug|Any CPU.Build.0 = Debug|Any CPU
		{330C7E6C-D1F3-4C75-B60E-7413EF2B23EE}.Release|Any CPU.ActiveCfg = Release|Any CPU
		{330C7E6C-D1F3-4C75-B60E-7413EF2B23EE}.Release|Any CPU.Build.0 = Release|Any CPU
		{9D9FF25E-E493-4291-BFC1-4502DFDA591C}.Debug|Any CPU.ActiveCfg = Debug|Any CPU
		{9D9FF25E-E493-4291-BFC1-4502DFDA591C}.Debug|Any CPU.Build.0 = Debug|Any CPU
		{9D9FF25E-E493-4291-BFC1-4502DFDA591C}.Release|Any CPU.ActiveCfg = Release|Any CPU
		{9D9FF25E-E493-4291-BFC1-4502DFDA591C}.Release|Any CPU.Build.0 = Release|Any CPU
		{02B76A10-A2E2-4450-BA82-C068A37D935D}.Debug|Any CPU.ActiveCfg = Debug|Any CPU
		{02B76A10-A2E2-4450-BA82-C068A37D935D}.Debug|Any CPU.Build.0 = Debug|Any CPU
		{02B76A10-A2E2-4450-BA82-C068A37D935D}.Release|Any CPU.ActiveCfg = Release|Any CPU
		{02B76A10-A2E2-4450-BA82-C068A37D935D}.Release|Any CPU.Build.0 = Release|Any CPU
		{213654E6-6218-4EF7-81E8-A855619A337E}.Debug|Any CPU.ActiveCfg = Debug|Any CPU
		{213654E6-6218-4EF7-81E8-A855619A337E}.Debug|Any CPU.Build.0 = Debug|Any CPU
		{213654E6-6218-4EF7-81E8-A855619A337E}.Release|Any CPU.ActiveCfg = Release|Any CPU
		{213654E6-6218-4EF7-81E8-A855619A337E}.Release|Any CPU.Build.0 = Release|Any CPU
		{76B26675-509C-4CD6-92D5-3E81F52E0A5E}.Debug|Any CPU.ActiveCfg = Debug|Any CPU
		{76B26675-509C-4CD6-92D5-3E81F52E0A5E}.Debug|Any CPU.Build.0 = Debug|Any CPU
		{76B26675-509C-4CD6-92D5-3E81F52E0A5E}.Release|Any CPU.ActiveCfg = Release|Any CPU
		{76B26675-509C-4CD6-92D5-3E81F52E0A5E}.Release|Any CPU.Build.0 = Release|Any CPU
		{E0DC7337-E7D6-44A2-8FD7-0D36605B4D60}.Debug|Any CPU.ActiveCfg = Debug|Any CPU
		{E0DC7337-E7D6-44A2-8FD7-0D36605B4D60}.Debug|Any CPU.Build.0 = Debug|Any CPU
		{E0DC7337-E7D6-44A2-8FD7-0D36605B4D60}.Release|Any CPU.ActiveCfg = Release|Any CPU
		{E0DC7337-E7D6-44A2-8FD7-0D36605B4D60}.Release|Any CPU.Build.0 = Release|Any CPU
	EndGlobalSection
	GlobalSection(SolutionProperties) = preSolution
		HideSolutionNode = FALSE
	EndGlobalSection
	GlobalSection(NestedProjects) = preSolution
		{5456A6B7-8AD9-4EC3-BB3C-068C654222BB} = {6DEAB267-FFD9-45BF-AFD5-E4266E43B1C4}
		{D0FC3870-1122-464E-9389-3E6C22AA87AA} = {6DEAB267-FFD9-45BF-AFD5-E4266E43B1C4}
		{E2D8C6C6-0C78-4619-91ED-C82CF373682E} = {5456A6B7-8AD9-4EC3-BB3C-068C654222BB}
		{5BB104F9-C464-491D-8A33-CED589DEA1F3} = {5456A6B7-8AD9-4EC3-BB3C-068C654222BB}
		{498B63C7-17F0-4535-A5A8-73858294B52A} = {5456A6B7-8AD9-4EC3-BB3C-068C654222BB}
		{90F7CE88-41CE-428C-BC80-C6AB8A685DDF} = {E2D8C6C6-0C78-4619-91ED-C82CF373682E}
		{10C4B334-4D04-4ABE-89C7-A07E13524DCA} = {E2D8C6C6-0C78-4619-91ED-C82CF373682E}
		{EA816512-DE5E-4AFD-9D86-4F40881B5C64} = {5BB104F9-C464-491D-8A33-CED589DEA1F3}
		{330C7E6C-D1F3-4C75-B60E-7413EF2B23EE} = {5BB104F9-C464-491D-8A33-CED589DEA1F3}
		{A0E6EF90-543A-49A1-B8AB-6A8EFB9AD161} = {6DEAB267-FFD9-45BF-AFD5-E4266E43B1C4}
		{9D9FF25E-E493-4291-BFC1-4502DFDA591C} = {A0E6EF90-543A-49A1-B8AB-6A8EFB9AD161}
		{29994F5E-A55D-4CBB-8A2C-096D87DD2C54} = {5456A6B7-8AD9-4EC3-BB3C-068C654222BB}
		{02B76A10-A2E2-4450-BA82-C068A37D935D} = {A0E6EF90-543A-49A1-B8AB-6A8EFB9AD161}
		{213654E6-6218-4EF7-81E8-A855619A337E} = {E2D8C6C6-0C78-4619-91ED-C82CF373682E}
		{76B26675-509C-4CD6-92D5-3E81F52E0A5E} = {5BB104F9-C464-491D-8A33-CED589DEA1F3}
		{E0DC7337-E7D6-44A2-8FD7-0D36605B4D60} = {E2D8C6C6-0C78-4619-91ED-C82CF373682E}
	EndGlobalSection
	GlobalSection(ExtensibilityGlobals) = postSolution
		SolutionGuid = {2DB07DB3-FEF0-4F6A-9811-7A11010EBC45}
	EndGlobalSection
EndGlobal
